
Microsoft Visual Studio Solution File, Format Version 12.00
# Visual Studio Version 16
VisualStudioVersion = 16.0.30611.23
MinimumVisualStudioVersion = 10.0.40219.1
Project("{FAE04EC0-301F-11D3-BF4B-00C04F79EFBC}") = "gears", "gears\gears.csproj", "{30C82023-31AE-4818-81EB-677E7DAE449D}"
EndProject
Global
	GlobalSection(SolutionConfigurationPlatforms) = preSolution
		Debug|Any CPU = Debug|Any CPU
		Release|Any CPU = Release|Any CPU
	EndGlobalSection
	GlobalSection(ProjectConfigurationPlatforms) = postSolution
		{30C82023-31AE-4818-81EB-677E7DAE449D}.Debug|Any CPU.ActiveCfg = Debug|Any CPU
		{30C82023-31AE-4818-81EB-677E7DAE449D}.Debug|Any CPU.Build.0 = Debug|Any CPU
		{30C82023-31AE-4818-81EB-677E7DAE449D}.Release|Any CPU.ActiveCfg = Release|Any CPU
		{30C82023-31AE-4818-81EB-677E7DAE449D}.Release|Any CPU.Build.0 = Release|Any CPU
	EndGlobalSection
	GlobalSection(SolutionProperties) = preSolution
		HideSolutionNode = FALSE
	EndGlobalSection
	GlobalSection(ExtensibilityGlobals) = postSolution
		SolutionGuid = {2DEB5712-7949-483C-8E1D-4C24291A645C}
	EndGlobalSection
EndGlobal
